
Microsoft Visual Studio Solution File, Format Version 12.00
# Visual Studio 2013
VisualStudioVersion = 12.0.21005.1
MinimumVisualStudioVersion = 10.0.40219.1
Project("{FAE04EC0-301F-11D3-BF4B-00C04F79EFBC}") = "LetterStats", "WordStats\LetterStats.csproj", "{22472CB6-55B6-4564-B0F9-AF86002C4EA6}"
EndProject
Project("{FAE04EC0-301F-11D3-BF4B-00C04F79EFBC}") = "LetterStatsTests", "LetterStatsTests\LetterStatsTests.csproj", "{F42F7248-EB38-4F07-9D79-E3B0A4817484}"
EndProject
Global
	GlobalSection(SolutionConfigurationPlatforms) = preSolution
		Debug|Any CPU = Debug|Any CPU
		Debug|ARM = Debug|ARM
		Debug|x64 = Debug|x64
		Debug|x86 = Debug|x86
		Release|Any CPU = Release|Any CPU
		Release|ARM = Release|ARM
		Release|x64 = Release|x64
		Release|x86 = Release|x86
	EndGlobalSection
	GlobalSection(ProjectConfigurationPlatforms) = postSolution
		{22472CB6-55B6-4564-B0F9-AF86002C4EA6}.Debug|Any CPU.ActiveCfg = Debug|Any CPU
		{22472CB6-55B6-4564-B0F9-AF86002C4EA6}.Debug|Any CPU.Build.0 = Debug|Any CPU
		{22472CB6-55B6-4564-B0F9-AF86002C4EA6}.Debug|ARM.ActiveCfg = Debug|Any CPU
		{22472CB6-55B6-4564-B0F9-AF86002C4EA6}.Debug|x64.ActiveCfg = Debug|Any CPU
		{22472CB6-55B6-4564-B0F9-AF86002C4EA6}.Debug|x86.ActiveCfg = Debug|Any CPU
		{22472CB6-55B6-4564-B0F9-AF86002C4EA6}.Release|Any CPU.ActiveCfg = Release|Any CPU
		{22472CB6-55B6-4564-B0F9-AF86002C4EA6}.Release|Any CPU.Build.0 = Release|Any CPU
		{22472CB6-55B6-4564-B0F9-AF86002C4EA6}.Release|ARM.ActiveCfg = Release|Any CPU
		{22472CB6-55B6-4564-B0F9-AF86002C4EA6}.Release|x64.ActiveCfg = Release|Any CPU
		{22472CB6-55B6-4564-B0F9-AF86002C4EA6}.Release|x86.ActiveCfg = Release|Any CPU
		{F42F7248-EB38-4F07-9D79-E3B0A4817484}.Debug|Any CPU.ActiveCfg = Debug|Any CPU
		{F42F7248-EB38-4F07-9D79-E3B0A4817484}.Debug|Any CPU.Build.0 = Debug|Any CPU
		{F42F7248-EB38-4F07-9D79-E3B0A4817484}.Debug|ARM.ActiveCfg = Debug|Any CPU
		{F42F7248-EB38-4F07-9D79-E3B0A4817484}.Debug|x64.ActiveCfg = Debug|Any CPU
		{F42F7248-EB38-4F07-9D79-E3B0A4817484}.Debug|x86.ActiveCfg = Debug|Any CPU
		{F42F7248-EB38-4F07-9D79-E3B0A4817484}.Release|Any CPU.ActiveCfg = Release|Any CPU
		{F42F7248-EB38-4F07-9D79-E3B0A4817484}.Release|Any CPU.Build.0 = Release|Any CPU
		{F42F7248-EB38-4F07-9D79-E3B0A4817484}.Release|ARM.ActiveCfg = Release|Any CPU
		{F42F7248-EB38-4F07-9D79-E3B0A4817484}.Release|x64.ActiveCfg = Release|Any CPU
		{F42F7248-EB38-4F07-9D79-E3B0A4817484}.Release|x86.ActiveCfg = Release|Any CPU
	EndGlobalSection
	GlobalSection(SolutionProperties) = preSolution
		HideSolutionNode = FALSE
	EndGlobalSection
EndGlobal
